// !$*UTF8*$!
{
	archiveVersion = 1;
	classes = {
	};
	objectVersion = 46;
	objects = {

/* Begin PBXBuildFile section */
		167BBDFC207EF8DE00B3AE7E /* RecentlyListenedCollectionViewCell.swift in Sources */ = {isa = PBXBuildFile; fileRef = 167BBDFB207EF8DE00B3AE7E /* RecentlyListenedCollectionViewCell.swift */; };
		35B95F0B09AA0D4D290F2B53 /* Pods_EllomixUITests.framework in Frameworks */ = {isa = PBXBuildFile; fileRef = 60F42159EA00C7245320515D /* Pods_EllomixUITests.framework */; };
		79465F4F359335E43F682CB8 /* Pods_Ellomix.framework in Frameworks */ = {isa = PBXBuildFile; fileRef = DD660CB1B6612123B4653350 /* Pods_Ellomix.framework */; };
		BA3669A9205F431200DC4D54 /* SettingsViewController.swift in Sources */ = {isa = PBXBuildFile; fileRef = BA3669A8205F431200DC4D54 /* SettingsViewController.swift */; };
		BA3669AB205F5F5500DC4D54 /* ChangePasswordViewController.swift in Sources */ = {isa = PBXBuildFile; fileRef = BA3669AA205F5F5500DC4D54 /* ChangePasswordViewController.swift */; };
		BA37F5CB1E5D600C00C937CD /* ChatViewController.swift in Sources */ = {isa = PBXBuildFile; fileRef = BA37F5CA1E5D600B00C937CD /* ChatViewController.swift */; };
		BA37F5CF1E5D658300C937CD /* ReceivedChatTableViewCell.swift in Sources */ = {isa = PBXBuildFile; fileRef = BA37F5CE1E5D658300C937CD /* ReceivedChatTableViewCell.swift */; };
		BA4E4BB51E6212E100A4C4B9 /* GroupPlaylistTableViewController.swift in Sources */ = {isa = PBXBuildFile; fileRef = BA4E4BB41E6212E100A4C4B9 /* GroupPlaylistTableViewController.swift */; };
		BA4E4BFE1E63763800A4C4B9 /* SpotifyLoginViewController.swift in Sources */ = {isa = PBXBuildFile; fileRef = BA4E4BFD1E63763800A4C4B9 /* SpotifyLoginViewController.swift */; };
		BA4E4C061E63924700A4C4B9 /* AVFoundation.framework in Frameworks */ = {isa = PBXBuildFile; fileRef = BA4E4C051E63924700A4C4B9 /* AVFoundation.framework */; };
		BA894FD11E56C3B000BA3F73 /* ChatFeedTableViewController.swift in Sources */ = {isa = PBXBuildFile; fileRef = BA894FD01E56C3B000BA3F73 /* ChatFeedTableViewController.swift */; };
		BA894FD31E56C64600BA3F73 /* GoogleService-Info.plist in Resources */ = {isa = PBXBuildFile; fileRef = BA894FD21E56C64600BA3F73 /* GoogleService-Info.plist */; };
		BA894FD71E57F59700BA3F73 /* FirebaseApi.swift in Sources */ = {isa = PBXBuildFile; fileRef = BA894FD61E57F59700BA3F73 /* FirebaseApi.swift */; };
		BA894FDF1E5BD5F000BA3F73 /* ChatFeedTableViewCell.swift in Sources */ = {isa = PBXBuildFile; fileRef = BA894FDE1E5BD5F000BA3F73 /* ChatFeedTableViewCell.swift */; };
		DB052E331F6F7A6E00F32A70 /* Global.swift in Sources */ = {isa = PBXBuildFile; fileRef = DB052E321F6F7A6E00F32A70 /* Global.swift */; };
		DB0938631FD4F54C00DB64AA /* PlayBarController.swift in Sources */ = {isa = PBXBuildFile; fileRef = DB0938621FD4F54C00DB64AA /* PlayBarController.swift */; };
		DB0938651FD4FCD300DB64AA /* ContainerViewController.swift in Sources */ = {isa = PBXBuildFile; fileRef = DB0938641FD4FCD200DB64AA /* ContainerViewController.swift */; };
		DB0938671FD502F800DB64AA /* MusicPlayer.swift in Sources */ = {isa = PBXBuildFile; fileRef = DB0938661FD502F700DB64AA /* MusicPlayer.swift */; };
		DB0A47A81EBEB7AD004FBF41 /* YouTubeVideo.swift in Sources */ = {isa = PBXBuildFile; fileRef = DB0A47A71EBEB7AC004FBF41 /* YouTubeVideo.swift */; };
		DB0A47AA1EBEBBCA004FBF41 /* SearchTableViewMusicCell.swift in Sources */ = {isa = PBXBuildFile; fileRef = DB0A47A91EBEBBCA004FBF41 /* SearchTableViewMusicCell.swift */; };
		DB22FB7B1F5377E100AF384B /* EllomixUser.swift in Sources */ = {isa = PBXBuildFile; fileRef = DB22FB7A1F5377E000AF384B /* EllomixUser.swift */; };
		DB2DB00E204B7ADD00E0935A /* SearchHeaderCell.swift in Sources */ = {isa = PBXBuildFile; fileRef = DB2DB00D204B7ADD00E0935A /* SearchHeaderCell.swift */; };
		DB2FE5CE20DA0CEA0018E402 /* RoundImageView.swift in Sources */ = {isa = PBXBuildFile; fileRef = DB2FE5CD20DA0CEA0018E402 /* RoundImageView.swift */; };
		DB3330EB1FE8E219004F4D7F /* SignUpViewController.swift in Sources */ = {isa = PBXBuildFile; fileRef = DB3330EA1FE8E219004F4D7F /* SignUpViewController.swift */; };
		DB3519E81EA6E6DE006ACBCE /* ProfileController.swift in Sources */ = {isa = PBXBuildFile; fileRef = DB3519E71EA6E6DE006ACBCE /* ProfileController.swift */; };
		DB42B5081FFDE37800AB7E1D /* YTPlayer.html in Resources */ = {isa = PBXBuildFile; fileRef = DB42B5071FFDE37800AB7E1D /* YTPlayer.html */; };
		DB42B50A1FFDF28400AB7E1D /* YouTubePlayer.swift in Sources */ = {isa = PBXBuildFile; fileRef = DB42B5091FFDF28400AB7E1D /* YouTubePlayer.swift */; };
		DB43785E1F567F38001BD2F1 /* HomeTabBarController.swift in Sources */ = {isa = PBXBuildFile; fileRef = DB43785D1F567F38001BD2F1 /* HomeTabBarController.swift */; };
		DB451D2320F46EC900A56EB4 /* FieldTableViewCell.xib in Resources */ = {isa = PBXBuildFile; fileRef = DB451D2220F46EC900A56EB4 /* FieldTableViewCell.xib */; };
		DB451D2520F46FF200A56EB4 /* FieldTableViewCell.swift in Sources */ = {isa = PBXBuildFile; fileRef = DB451D2420F46FF200A56EB4 /* FieldTableViewCell.swift */; };
		DB7034DB20620F41003235EB /* Message.swift in Sources */ = {isa = PBXBuildFile; fileRef = DB7034DA20620F41003235EB /* Message.swift */; };
		DB720E991FA6D80300CC22FC /* ComposeMessageController.swift in Sources */ = {isa = PBXBuildFile; fileRef = DB720E981FA6D80300CC22FC /* ComposeMessageController.swift */; };
		DB7B0BD21F7CB35300BB2707 /* SoundcloudTrack.swift in Sources */ = {isa = PBXBuildFile; fileRef = DB7B0BD11F7CB35300BB2707 /* SoundcloudTrack.swift */; };
		DB7BAA63202FB731005B7115 /* GetStartedViewController.swift in Sources */ = {isa = PBXBuildFile; fileRef = DB7BAA62202FB731005B7115 /* GetStartedViewController.swift */; };
		DB7BAA65202FC7F1005B7115 /* Extensions.swift in Sources */ = {isa = PBXBuildFile; fileRef = DB7BAA64202FC7F1005B7115 /* Extensions.swift */; };
		DB7BAA67202FD378005B7115 /* PasswordViewController.swift in Sources */ = {isa = PBXBuildFile; fileRef = DB7BAA66202FD378005B7115 /* PasswordViewController.swift */; };
		DB9ACDA7201D3715003C6925 /* PopUpAnimator.swift in Sources */ = {isa = PBXBuildFile; fileRef = DB9ACDA6201D3715003C6925 /* PopUpAnimator.swift */; };
		DB9ACDA9201D3F0E003C6925 /* PopUpPlayerController.swift in Sources */ = {isa = PBXBuildFile; fileRef = DB9ACDA8201D3F0E003C6925 /* PopUpPlayerController.swift */; };
		DB9AD80C1FAADE0E00C025E8 /* ComposeMessageTableViewCell.swift in Sources */ = {isa = PBXBuildFile; fileRef = DB9AD80B1FAADE0E00C025E8 /* ComposeMessageTableViewCell.swift */; };
		DBB727E420AA91AC00419789 /* SplashController.swift in Sources */ = {isa = PBXBuildFile; fileRef = DBB727E320AA91AC00419789 /* SplashController.swift */; };
		DBB85B112068A2EB00E99648 /* SentChatTableViewCell.swift in Sources */ = {isa = PBXBuildFile; fileRef = DBB85B102068A2EB00E99648 /* SentChatTableViewCell.swift */; };
		DBB8B4601EA9976E0021E0F6 /* SearchViewController.swift in Sources */ = {isa = PBXBuildFile; fileRef = DBB8B45F1EA9976E0021E0F6 /* SearchViewController.swift */; };
		DBC09BB220BE513A003EE29F /* Cache.swift in Sources */ = {isa = PBXBuildFile; fileRef = DBC09BB120BE513A003EE29F /* Cache.swift */; };
		DBCE53761FBABD06002B760C /* EditProfileController.swift in Sources */ = {isa = PBXBuildFile; fileRef = DBCE53751FBABD06002B760C /* EditProfileController.swift */; };
		DBD3DF1120E4935C005B9D74 /* GroupSettingsTableViewController.swift in Sources */ = {isa = PBXBuildFile; fileRef = DBD3DF1020E4935C005B9D74 /* GroupSettingsTableViewController.swift */; };
		DBDEDFC620E9D21000B65B88 /* GroupSettingsHeaderCell.swift in Sources */ = {isa = PBXBuildFile; fileRef = DBDEDFC520E9D21000B65B88 /* GroupSettingsHeaderCell.swift */; };
		DBDFCA002103FFA100229A45 /* AddMemberController.swift in Sources */ = {isa = PBXBuildFile; fileRef = DBDFC9FF2103FFA100229A45 /* AddMemberController.swift */; };
		DBE81D5620EDC92A00A27935 /* UserTableViewCell.xib in Resources */ = {isa = PBXBuildFile; fileRef = DBE81D5520EDC92A00A27935 /* UserTableViewCell.xib */; };
		DBE81D5820EDCA9700A27935 /* UserTableViewCell.swift in Sources */ = {isa = PBXBuildFile; fileRef = DBE81D5720EDCA9700A27935 /* UserTableViewCell.swift */; };
		DBEA17D120EB2DCD00A9294A /* LabelTableViewCell.swift in Sources */ = {isa = PBXBuildFile; fileRef = DBEA17D020EB2DCC00A9294A /* LabelTableViewCell.swift */; };
		DBEA17D320EB328C00A9294A /* LabelTableViewCell.xib in Resources */ = {isa = PBXBuildFile; fileRef = DBEA17D220EB328C00A9294A /* LabelTableViewCell.xib */; };
		DBEA17D520EB392100A9294A /* SwitchTableViewCell.xib in Resources */ = {isa = PBXBuildFile; fileRef = DBEA17D420EB392100A9294A /* SwitchTableViewCell.xib */; };
		DBEA17D720EB39E600A9294A /* SwitchTableViewCell.swift in Sources */ = {isa = PBXBuildFile; fileRef = DBEA17D620EB39E600A9294A /* SwitchTableViewCell.swift */; };
		DBF40DB120996B70000AD390 /* SearchTableViewPeopleCell.swift in Sources */ = {isa = PBXBuildFile; fileRef = DBF40DB020996B70000AD390 /* SearchTableViewPeopleCell.swift */; };
		DBF94411205F4DF90047A1EB /* SpotifyTrack.swift in Sources */ = {isa = PBXBuildFile; fileRef = DBF9440F205F4DF80047A1EB /* SpotifyTrack.swift */; };
		DBF94418205F5D220047A1EB /* SpotifyAudioPlayback.framework in Frameworks */ = {isa = PBXBuildFile; fileRef = DBF94415205F5D210047A1EB /* SpotifyAudioPlayback.framework */; };
		DBF94419205F5D220047A1EB /* SpotifyMetadata.framework in Frameworks */ = {isa = PBXBuildFile; fileRef = DBF94416205F5D220047A1EB /* SpotifyMetadata.framework */; };
		DBF9441A205F5D220047A1EB /* SpotifyAuthentication.framework in Frameworks */ = {isa = PBXBuildFile; fileRef = DBF94417205F5D220047A1EB /* SpotifyAuthentication.framework */; };
		DBFA76DD206F39DF00689D4F /* Group.swift in Sources */ = {isa = PBXBuildFile; fileRef = DBFA76DC206F39DF00689D4F /* Group.swift */; };
		E193B0AC9A542B67F255F143 /* Pods_EllomixTests.framework in Frameworks */ = {isa = PBXBuildFile; fileRef = 51D24004B5B584B342FE1703 /* Pods_EllomixTests.framework */; };
		E379E6221E08B69500B0256F /* AppDelegate.swift in Sources */ = {isa = PBXBuildFile; fileRef = E379E6211E08B69500B0256F /* AppDelegate.swift */; };
		E379E6241E08B69500B0256F /* LoginViewController.swift in Sources */ = {isa = PBXBuildFile; fileRef = E379E6231E08B69500B0256F /* LoginViewController.swift */; };
		E379E6271E08B69500B0256F /* Main.storyboard in Resources */ = {isa = PBXBuildFile; fileRef = E379E6251E08B69500B0256F /* Main.storyboard */; };
		E379E6291E08B69500B0256F /* Assets.xcassets in Resources */ = {isa = PBXBuildFile; fileRef = E379E6281E08B69500B0256F /* Assets.xcassets */; };
		E379E62C1E08B69500B0256F /* LaunchScreen.storyboard in Resources */ = {isa = PBXBuildFile; fileRef = E379E62A1E08B69500B0256F /* LaunchScreen.storyboard */; };
		E379E6371E08B69500B0256F /* EllomixTests.swift in Sources */ = {isa = PBXBuildFile; fileRef = E379E6361E08B69500B0256F /* EllomixTests.swift */; };
		E379E6421E08B69500B0256F /* EllomixUITests.swift in Sources */ = {isa = PBXBuildFile; fileRef = E379E6411E08B69500B0256F /* EllomixUITests.swift */; };
/* End PBXBuildFile section */

/* Begin PBXContainerItemProxy section */
		E379E6331E08B69500B0256F /* PBXContainerItemProxy */ = {
			isa = PBXContainerItemProxy;
			containerPortal = E379E6161E08B69500B0256F /* Project object */;
			proxyType = 1;
			remoteGlobalIDString = E379E61D1E08B69500B0256F;
			remoteInfo = Ellomix;
		};
		E379E63E1E08B69500B0256F /* PBXContainerItemProxy */ = {
			isa = PBXContainerItemProxy;
			containerPortal = E379E6161E08B69500B0256F /* Project object */;
			proxyType = 1;
			remoteGlobalIDString = E379E61D1E08B69500B0256F;
			remoteInfo = Ellomix;
		};
/* End PBXContainerItemProxy section */

/* Begin PBXFileReference section */
		12016942F6C44225458DBBAF /* Pods-Ellomix.debug.xcconfig */ = {isa = PBXFileReference; includeInIndex = 1; lastKnownFileType = text.xcconfig; name = "Pods-Ellomix.debug.xcconfig"; path = "Pods/Target Support Files/Pods-Ellomix/Pods-Ellomix.debug.xcconfig"; sourceTree = "<group>"; };
		167BBDFB207EF8DE00B3AE7E /* RecentlyListenedCollectionViewCell.swift */ = {isa = PBXFileReference; fileEncoding = 4; lastKnownFileType = sourcecode.swift; path = RecentlyListenedCollectionViewCell.swift; sourceTree = "<group>"; };
		34C16BA52CE61328DE8C8CD5 /* Pods-EllomixUITests.debug.xcconfig */ = {isa = PBXFileReference; includeInIndex = 1; lastKnownFileType = text.xcconfig; name = "Pods-EllomixUITests.debug.xcconfig"; path = "Pods/Target Support Files/Pods-EllomixUITests/Pods-EllomixUITests.debug.xcconfig"; sourceTree = "<group>"; };
		4A1BF9AAABD2A86C22E0CE5E /* Pods-EllomixTests.release.xcconfig */ = {isa = PBXFileReference; includeInIndex = 1; lastKnownFileType = text.xcconfig; name = "Pods-EllomixTests.release.xcconfig"; path = "Pods/Target Support Files/Pods-EllomixTests/Pods-EllomixTests.release.xcconfig"; sourceTree = "<group>"; };
		51D24004B5B584B342FE1703 /* Pods_EllomixTests.framework */ = {isa = PBXFileReference; explicitFileType = wrapper.framework; includeInIndex = 0; path = Pods_EllomixTests.framework; sourceTree = BUILT_PRODUCTS_DIR; };
		540DAA8C272C14067F94158B /* Pods-EllomixTests.debug.xcconfig */ = {isa = PBXFileReference; includeInIndex = 1; lastKnownFileType = text.xcconfig; name = "Pods-EllomixTests.debug.xcconfig"; path = "Pods/Target Support Files/Pods-EllomixTests/Pods-EllomixTests.debug.xcconfig"; sourceTree = "<group>"; };
		60F42159EA00C7245320515D /* Pods_EllomixUITests.framework */ = {isa = PBXFileReference; explicitFileType = wrapper.framework; includeInIndex = 0; path = Pods_EllomixUITests.framework; sourceTree = BUILT_PRODUCTS_DIR; };
		6930722A09922E5F7220E98F /* Pods-EllomixUITests.release.xcconfig */ = {isa = PBXFileReference; includeInIndex = 1; lastKnownFileType = text.xcconfig; name = "Pods-EllomixUITests.release.xcconfig"; path = "Pods/Target Support Files/Pods-EllomixUITests/Pods-EllomixUITests.release.xcconfig"; sourceTree = "<group>"; };
		BA3669A8205F431200DC4D54 /* SettingsViewController.swift */ = {isa = PBXFileReference; fileEncoding = 4; lastKnownFileType = sourcecode.swift; path = SettingsViewController.swift; sourceTree = "<group>"; };
		BA3669AA205F5F5500DC4D54 /* ChangePasswordViewController.swift */ = {isa = PBXFileReference; fileEncoding = 4; lastKnownFileType = sourcecode.swift; path = ChangePasswordViewController.swift; sourceTree = "<group>"; };
		BA37F5CA1E5D600B00C937CD /* ChatViewController.swift */ = {isa = PBXFileReference; fileEncoding = 4; lastKnownFileType = sourcecode.swift; path = ChatViewController.swift; sourceTree = "<group>"; };
		BA37F5CE1E5D658300C937CD /* ReceivedChatTableViewCell.swift */ = {isa = PBXFileReference; fileEncoding = 4; lastKnownFileType = sourcecode.swift; path = ReceivedChatTableViewCell.swift; sourceTree = "<group>"; };
		BA4E4BB41E6212E100A4C4B9 /* GroupPlaylistTableViewController.swift */ = {isa = PBXFileReference; fileEncoding = 4; lastKnownFileType = sourcecode.swift; path = GroupPlaylistTableViewController.swift; sourceTree = "<group>"; };
		BA4E4BFD1E63763800A4C4B9 /* SpotifyLoginViewController.swift */ = {isa = PBXFileReference; fileEncoding = 4; lastKnownFileType = sourcecode.swift; path = SpotifyLoginViewController.swift; sourceTree = "<group>"; };
		BA4E4C051E63924700A4C4B9 /* AVFoundation.framework */ = {isa = PBXFileReference; lastKnownFileType = wrapper.framework; name = AVFoundation.framework; path = System/Library/Frameworks/AVFoundation.framework; sourceTree = SDKROOT; };
		BA894FD01E56C3B000BA3F73 /* ChatFeedTableViewController.swift */ = {isa = PBXFileReference; fileEncoding = 4; lastKnownFileType = sourcecode.swift; path = ChatFeedTableViewController.swift; sourceTree = "<group>"; };
		BA894FD21E56C64600BA3F73 /* GoogleService-Info.plist */ = {isa = PBXFileReference; fileEncoding = 4; lastKnownFileType = text.plist.xml; path = "GoogleService-Info.plist"; sourceTree = "<group>"; };
		BA894FD61E57F59700BA3F73 /* FirebaseApi.swift */ = {isa = PBXFileReference; fileEncoding = 4; lastKnownFileType = sourcecode.swift; path = FirebaseApi.swift; sourceTree = "<group>"; };
		BA894FDE1E5BD5F000BA3F73 /* ChatFeedTableViewCell.swift */ = {isa = PBXFileReference; fileEncoding = 4; lastKnownFileType = sourcecode.swift; path = ChatFeedTableViewCell.swift; sourceTree = "<group>"; };
		CB58748A5C034C0CC7DBE1AB /* Pods-Ellomix.release.xcconfig */ = {isa = PBXFileReference; includeInIndex = 1; lastKnownFileType = text.xcconfig; name = "Pods-Ellomix.release.xcconfig"; path = "Pods/Target Support Files/Pods-Ellomix/Pods-Ellomix.release.xcconfig"; sourceTree = "<group>"; };
		DB052E321F6F7A6E00F32A70 /* Global.swift */ = {isa = PBXFileReference; fileEncoding = 4; lastKnownFileType = sourcecode.swift; path = Global.swift; sourceTree = "<group>"; };
		DB0938621FD4F54C00DB64AA /* PlayBarController.swift */ = {isa = PBXFileReference; lastKnownFileType = sourcecode.swift; path = PlayBarController.swift; sourceTree = "<group>"; };
		DB0938641FD4FCD200DB64AA /* ContainerViewController.swift */ = {isa = PBXFileReference; lastKnownFileType = sourcecode.swift; path = ContainerViewController.swift; sourceTree = "<group>"; };
		DB0938661FD502F700DB64AA /* MusicPlayer.swift */ = {isa = PBXFileReference; lastKnownFileType = sourcecode.swift; path = MusicPlayer.swift; sourceTree = "<group>"; };
		DB0A47A71EBEB7AC004FBF41 /* YouTubeVideo.swift */ = {isa = PBXFileReference; fileEncoding = 4; lastKnownFileType = sourcecode.swift; path = YouTubeVideo.swift; sourceTree = "<group>"; };
		DB0A47A91EBEBBCA004FBF41 /* SearchTableViewMusicCell.swift */ = {isa = PBXFileReference; fileEncoding = 4; lastKnownFileType = sourcecode.swift; path = SearchTableViewMusicCell.swift; sourceTree = "<group>"; };
		DB22FB7A1F5377E000AF384B /* EllomixUser.swift */ = {isa = PBXFileReference; fileEncoding = 4; lastKnownFileType = sourcecode.swift; path = EllomixUser.swift; sourceTree = "<group>"; };
		DB2DB00D204B7ADD00E0935A /* SearchHeaderCell.swift */ = {isa = PBXFileReference; lastKnownFileType = sourcecode.swift; path = SearchHeaderCell.swift; sourceTree = "<group>"; };
		DB2FE5CD20DA0CEA0018E402 /* RoundImageView.swift */ = {isa = PBXFileReference; lastKnownFileType = sourcecode.swift; path = RoundImageView.swift; sourceTree = "<group>"; };
		DB3330EA1FE8E219004F4D7F /* SignUpViewController.swift */ = {isa = PBXFileReference; fileEncoding = 4; lastKnownFileType = sourcecode.swift; path = SignUpViewController.swift; sourceTree = "<group>"; };
		DB3519E71EA6E6DE006ACBCE /* ProfileController.swift */ = {isa = PBXFileReference; fileEncoding = 4; lastKnownFileType = sourcecode.swift; path = ProfileController.swift; sourceTree = "<group>"; };
		DB42B5071FFDE37800AB7E1D /* YTPlayer.html */ = {isa = PBXFileReference; lastKnownFileType = text.html; path = YTPlayer.html; sourceTree = "<group>"; };
		DB42B5091FFDF28400AB7E1D /* YouTubePlayer.swift */ = {isa = PBXFileReference; lastKnownFileType = sourcecode.swift; path = YouTubePlayer.swift; sourceTree = "<group>"; };
		DB43785D1F567F38001BD2F1 /* HomeTabBarController.swift */ = {isa = PBXFileReference; fileEncoding = 4; lastKnownFileType = sourcecode.swift; path = HomeTabBarController.swift; sourceTree = "<group>"; };
		DB451D2220F46EC900A56EB4 /* FieldTableViewCell.xib */ = {isa = PBXFileReference; lastKnownFileType = file.xib; path = FieldTableViewCell.xib; sourceTree = "<group>"; };
		DB451D2420F46FF200A56EB4 /* FieldTableViewCell.swift */ = {isa = PBXFileReference; lastKnownFileType = sourcecode.swift; path = FieldTableViewCell.swift; sourceTree = "<group>"; };
		DB7034DA20620F41003235EB /* Message.swift */ = {isa = PBXFileReference; lastKnownFileType = sourcecode.swift; path = Message.swift; sourceTree = "<group>"; };
		DB720E981FA6D80300CC22FC /* ComposeMessageController.swift */ = {isa = PBXFileReference; lastKnownFileType = sourcecode.swift; path = ComposeMessageController.swift; sourceTree = "<group>"; };
		DB7B0BD11F7CB35300BB2707 /* SoundcloudTrack.swift */ = {isa = PBXFileReference; fileEncoding = 4; lastKnownFileType = sourcecode.swift; path = SoundcloudTrack.swift; sourceTree = "<group>"; };
		DB7BAA62202FB731005B7115 /* GetStartedViewController.swift */ = {isa = PBXFileReference; lastKnownFileType = sourcecode.swift; path = GetStartedViewController.swift; sourceTree = "<group>"; };
		DB7BAA64202FC7F1005B7115 /* Extensions.swift */ = {isa = PBXFileReference; lastKnownFileType = sourcecode.swift; path = Extensions.swift; sourceTree = "<group>"; };
		DB7BAA66202FD378005B7115 /* PasswordViewController.swift */ = {isa = PBXFileReference; lastKnownFileType = sourcecode.swift; path = PasswordViewController.swift; sourceTree = "<group>"; };
		DB9ACDA6201D3715003C6925 /* PopUpAnimator.swift */ = {isa = PBXFileReference; lastKnownFileType = sourcecode.swift; path = PopUpAnimator.swift; sourceTree = "<group>"; };
		DB9ACDA8201D3F0E003C6925 /* PopUpPlayerController.swift */ = {isa = PBXFileReference; lastKnownFileType = sourcecode.swift; path = PopUpPlayerController.swift; sourceTree = "<group>"; };
		DB9AD80B1FAADE0E00C025E8 /* ComposeMessageTableViewCell.swift */ = {isa = PBXFileReference; lastKnownFileType = sourcecode.swift; path = ComposeMessageTableViewCell.swift; sourceTree = "<group>"; };
		DBB727E320AA91AC00419789 /* SplashController.swift */ = {isa = PBXFileReference; lastKnownFileType = sourcecode.swift; path = SplashController.swift; sourceTree = "<group>"; };
		DBB85B102068A2EB00E99648 /* SentChatTableViewCell.swift */ = {isa = PBXFileReference; lastKnownFileType = sourcecode.swift; path = SentChatTableViewCell.swift; sourceTree = "<group>"; };
		DBB8B45F1EA9976E0021E0F6 /* SearchViewController.swift */ = {isa = PBXFileReference; fileEncoding = 4; lastKnownFileType = sourcecode.swift; path = SearchViewController.swift; sourceTree = "<group>"; };
		DBC09BB120BE513A003EE29F /* Cache.swift */ = {isa = PBXFileReference; lastKnownFileType = sourcecode.swift; path = Cache.swift; sourceTree = "<group>"; };
		DBCE53751FBABD06002B760C /* EditProfileController.swift */ = {isa = PBXFileReference; lastKnownFileType = sourcecode.swift; path = EditProfileController.swift; sourceTree = "<group>"; };
		DBD3DF1020E4935C005B9D74 /* GroupSettingsTableViewController.swift */ = {isa = PBXFileReference; lastKnownFileType = sourcecode.swift; name = GroupSettingsTableViewController.swift; path = Ellomix/Controllers/GroupSettingsTableViewController.swift; sourceTree = SOURCE_ROOT; };
		DBDEDFC520E9D21000B65B88 /* GroupSettingsHeaderCell.swift */ = {isa = PBXFileReference; lastKnownFileType = sourcecode.swift; path = GroupSettingsHeaderCell.swift; sourceTree = "<group>"; };
		DBDFC9FF2103FFA100229A45 /* AddMemberController.swift */ = {isa = PBXFileReference; lastKnownFileType = sourcecode.swift; path = AddMemberController.swift; sourceTree = "<group>"; };
		DBE81D5520EDC92A00A27935 /* UserTableViewCell.xib */ = {isa = PBXFileReference; lastKnownFileType = file.xib; path = UserTableViewCell.xib; sourceTree = "<group>"; };
		DBE81D5720EDCA9700A27935 /* UserTableViewCell.swift */ = {isa = PBXFileReference; lastKnownFileType = sourcecode.swift; path = UserTableViewCell.swift; sourceTree = "<group>"; };
		DBEA17D020EB2DCC00A9294A /* LabelTableViewCell.swift */ = {isa = PBXFileReference; lastKnownFileType = sourcecode.swift; path = LabelTableViewCell.swift; sourceTree = "<group>"; };
		DBEA17D220EB328C00A9294A /* LabelTableViewCell.xib */ = {isa = PBXFileReference; lastKnownFileType = file.xib; path = LabelTableViewCell.xib; sourceTree = "<group>"; };
		DBEA17D420EB392100A9294A /* SwitchTableViewCell.xib */ = {isa = PBXFileReference; lastKnownFileType = file.xib; path = SwitchTableViewCell.xib; sourceTree = "<group>"; };
		DBEA17D620EB39E600A9294A /* SwitchTableViewCell.swift */ = {isa = PBXFileReference; lastKnownFileType = sourcecode.swift; path = SwitchTableViewCell.swift; sourceTree = "<group>"; };
		DBF40DB020996B70000AD390 /* SearchTableViewPeopleCell.swift */ = {isa = PBXFileReference; lastKnownFileType = sourcecode.swift; path = SearchTableViewPeopleCell.swift; sourceTree = "<group>"; };
		DBF9440F205F4DF80047A1EB /* SpotifyTrack.swift */ = {isa = PBXFileReference; fileEncoding = 4; lastKnownFileType = sourcecode.swift; path = SpotifyTrack.swift; sourceTree = "<group>"; };
		DBF94415205F5D210047A1EB /* SpotifyAudioPlayback.framework */ = {isa = PBXFileReference; lastKnownFileType = wrapper.framework; path = SpotifyAudioPlayback.framework; sourceTree = "<group>"; };
		DBF94416205F5D220047A1EB /* SpotifyMetadata.framework */ = {isa = PBXFileReference; lastKnownFileType = wrapper.framework; path = SpotifyMetadata.framework; sourceTree = "<group>"; };
		DBF94417205F5D220047A1EB /* SpotifyAuthentication.framework */ = {isa = PBXFileReference; lastKnownFileType = wrapper.framework; path = SpotifyAuthentication.framework; sourceTree = "<group>"; };
		DBF9441B205F5F8C0047A1EB /* SafariServices.framework */ = {isa = PBXFileReference; lastKnownFileType = wrapper.framework; name = SafariServices.framework; path = System/Library/Frameworks/SafariServices.framework; sourceTree = SDKROOT; };
		DBFA76DC206F39DF00689D4F /* Group.swift */ = {isa = PBXFileReference; lastKnownFileType = sourcecode.swift; path = Group.swift; sourceTree = "<group>"; };
		DD660CB1B6612123B4653350 /* Pods_Ellomix.framework */ = {isa = PBXFileReference; explicitFileType = wrapper.framework; includeInIndex = 0; path = Pods_Ellomix.framework; sourceTree = BUILT_PRODUCTS_DIR; };
		E330802C1E342F2B0046D58F /* Bridging-Header.h */ = {isa = PBXFileReference; lastKnownFileType = sourcecode.c.h; name = "Bridging-Header.h"; path = "../Bridging-Header.h"; sourceTree = "<group>"; };
		E379E61E1E08B69500B0256F /* Ellomix.app */ = {isa = PBXFileReference; explicitFileType = wrapper.application; includeInIndex = 0; path = Ellomix.app; sourceTree = BUILT_PRODUCTS_DIR; };
		E379E6211E08B69500B0256F /* AppDelegate.swift */ = {isa = PBXFileReference; lastKnownFileType = sourcecode.swift; path = AppDelegate.swift; sourceTree = "<group>"; };
		E379E6231E08B69500B0256F /* LoginViewController.swift */ = {isa = PBXFileReference; lastKnownFileType = sourcecode.swift; path = LoginViewController.swift; sourceTree = "<group>"; };
		E379E6261E08B69500B0256F /* Base */ = {isa = PBXFileReference; lastKnownFileType = file.storyboard; name = Base; path = Base.lproj/Main.storyboard; sourceTree = "<group>"; };
		E379E6281E08B69500B0256F /* Assets.xcassets */ = {isa = PBXFileReference; lastKnownFileType = folder.assetcatalog; path = Assets.xcassets; sourceTree = "<group>"; };
		E379E62B1E08B69500B0256F /* Base */ = {isa = PBXFileReference; lastKnownFileType = file.storyboard; name = Base; path = Base.lproj/LaunchScreen.storyboard; sourceTree = "<group>"; };
		E379E62D1E08B69500B0256F /* Info.plist */ = {isa = PBXFileReference; lastKnownFileType = text.plist.xml; path = Info.plist; sourceTree = "<group>"; };
		E379E6321E08B69500B0256F /* EllomixTests.xctest */ = {isa = PBXFileReference; explicitFileType = wrapper.cfbundle; includeInIndex = 0; path = EllomixTests.xctest; sourceTree = BUILT_PRODUCTS_DIR; };
		E379E6361E08B69500B0256F /* EllomixTests.swift */ = {isa = PBXFileReference; lastKnownFileType = sourcecode.swift; path = EllomixTests.swift; sourceTree = "<group>"; };
		E379E6381E08B69500B0256F /* Info.plist */ = {isa = PBXFileReference; lastKnownFileType = text.plist.xml; path = Info.plist; sourceTree = "<group>"; };
		E379E63D1E08B69500B0256F /* EllomixUITests.xctest */ = {isa = PBXFileReference; explicitFileType = wrapper.cfbundle; includeInIndex = 0; path = EllomixUITests.xctest; sourceTree = BUILT_PRODUCTS_DIR; };
		E379E6411E08B69500B0256F /* EllomixUITests.swift */ = {isa = PBXFileReference; lastKnownFileType = sourcecode.swift; path = EllomixUITests.swift; sourceTree = "<group>"; };
		E379E6431E08B69500B0256F /* Info.plist */ = {isa = PBXFileReference; lastKnownFileType = text.plist.xml; path = Info.plist; sourceTree = "<group>"; };
/* End PBXFileReference section */

/* Begin PBXFrameworksBuildPhase section */
		E379E61B1E08B69500B0256F /* Frameworks */ = {
			isa = PBXFrameworksBuildPhase;
			buildActionMask = 2147483647;
			files = (
				DBF9441A205F5D220047A1EB /* SpotifyAuthentication.framework in Frameworks */,
				BA4E4C061E63924700A4C4B9 /* AVFoundation.framework in Frameworks */,
				DBF94419205F5D220047A1EB /* SpotifyMetadata.framework in Frameworks */,
				79465F4F359335E43F682CB8 /* Pods_Ellomix.framework in Frameworks */,
				DBF94418205F5D220047A1EB /* SpotifyAudioPlayback.framework in Frameworks */,
			);
			runOnlyForDeploymentPostprocessing = 0;
		};
		E379E62F1E08B69500B0256F /* Frameworks */ = {
			isa = PBXFrameworksBuildPhase;
			buildActionMask = 2147483647;
			files = (
				E193B0AC9A542B67F255F143 /* Pods_EllomixTests.framework in Frameworks */,
			);
			runOnlyForDeploymentPostprocessing = 0;
		};
		E379E63A1E08B69500B0256F /* Frameworks */ = {
			isa = PBXFrameworksBuildPhase;
			buildActionMask = 2147483647;
			files = (
				35B95F0B09AA0D4D290F2B53 /* Pods_EllomixUITests.framework in Frameworks */,
			);
			runOnlyForDeploymentPostprocessing = 0;
		};
/* End PBXFrameworksBuildPhase section */

/* Begin PBXGroup section */
		67A20A8E352D884DD1B1B4DB /* Frameworks */ = {
			isa = PBXGroup;
			children = (
				DBF9441B205F5F8C0047A1EB /* SafariServices.framework */,
				BA4E4C051E63924700A4C4B9 /* AVFoundation.framework */,
				DD660CB1B6612123B4653350 /* Pods_Ellomix.framework */,
				51D24004B5B584B342FE1703 /* Pods_EllomixTests.framework */,
				60F42159EA00C7245320515D /* Pods_EllomixUITests.framework */,
			);
			name = Frameworks;
			sourceTree = "<group>";
		};
		98E642340DC8BDFF6D2E93F6 /* Pods */ = {
			isa = PBXGroup;
			children = (
				12016942F6C44225458DBBAF /* Pods-Ellomix.debug.xcconfig */,
				CB58748A5C034C0CC7DBE1AB /* Pods-Ellomix.release.xcconfig */,
				540DAA8C272C14067F94158B /* Pods-EllomixTests.debug.xcconfig */,
				4A1BF9AAABD2A86C22E0CE5E /* Pods-EllomixTests.release.xcconfig */,
				34C16BA52CE61328DE8C8CD5 /* Pods-EllomixUITests.debug.xcconfig */,
				6930722A09922E5F7220E98F /* Pods-EllomixUITests.release.xcconfig */,
			);
			name = Pods;
			sourceTree = "<group>";
		};
		DB5FB81020E1FBAF00345BAC /* Controllers */ = {
			isa = PBXGroup;
			children = (
				DBB727E320AA91AC00419789 /* SplashController.swift */,
				DB7BAA62202FB731005B7115 /* GetStartedViewController.swift */,
				DB3330EA1FE8E219004F4D7F /* SignUpViewController.swift */,
				DB7BAA66202FD378005B7115 /* PasswordViewController.swift */,
				E379E6231E08B69500B0256F /* LoginViewController.swift */,
				DB0938641FD4FCD200DB64AA /* ContainerViewController.swift */,
				DB43785D1F567F38001BD2F1 /* HomeTabBarController.swift */,
				DB0938621FD4F54C00DB64AA /* PlayBarController.swift */,
				DB9ACDA8201D3F0E003C6925 /* PopUpPlayerController.swift */,
				DB3519E71EA6E6DE006ACBCE /* ProfileController.swift */,
				DBB8B45F1EA9976E0021E0F6 /* SearchViewController.swift */,
				DBCE53751FBABD06002B760C /* EditProfileController.swift */,
				BA894FD01E56C3B000BA3F73 /* ChatFeedTableViewController.swift */,
				BA37F5CA1E5D600B00C937CD /* ChatViewController.swift */,
				DB720E981FA6D80300CC22FC /* ComposeMessageController.swift */,
				BA4E4BB41E6212E100A4C4B9 /* GroupPlaylistTableViewController.swift */,
				DBD3DF1020E4935C005B9D74 /* GroupSettingsTableViewController.swift */,
				DBDFC9FF2103FFA100229A45 /* AddMemberController.swift */,
				BA3669AA205F5F5500DC4D54 /* ChangePasswordViewController.swift */,
				BA3669A8205F431200DC4D54 /* SettingsViewController.swift */,
				BA4E4BFD1E63763800A4C4B9 /* SpotifyLoginViewController.swift */,
			);
			path = Controllers;
			sourceTree = "<group>";
		};
		DB5FB81120E1FD4100345BAC /* Views */ = {
			isa = PBXGroup;
			children = (
				DB5FB81220E1FD6600345BAC /* Cells */,
				E379E6251E08B69500B0256F /* Main.storyboard */,
				E379E62A1E08B69500B0256F /* LaunchScreen.storyboard */,
				DB2FE5CD20DA0CEA0018E402 /* RoundImageView.swift */,
			);
			path = Views;
			sourceTree = "<group>";
		};
		DB5FB81220E1FD6600345BAC /* Cells */ = {
			isa = PBXGroup;
			children = (
				DB2DB00D204B7ADD00E0935A /* SearchHeaderCell.swift */,
				DB0A47A91EBEBBCA004FBF41 /* SearchTableViewMusicCell.swift */,
				DBF40DB020996B70000AD390 /* SearchTableViewPeopleCell.swift */,
				BA894FDE1E5BD5F000BA3F73 /* ChatFeedTableViewCell.swift */,
				DBB85B102068A2EB00E99648 /* SentChatTableViewCell.swift */,
				BA37F5CE1E5D658300C937CD /* ReceivedChatTableViewCell.swift */,
				DB9AD80B1FAADE0E00C025E8 /* ComposeMessageTableViewCell.swift */,
				167BBDFB207EF8DE00B3AE7E /* RecentlyListenedCollectionViewCell.swift */,
				DBDEDFC520E9D21000B65B88 /* GroupSettingsHeaderCell.swift */,
				DB451D2420F46FF200A56EB4 /* FieldTableViewCell.swift */,
				DBEA17D020EB2DCC00A9294A /* LabelTableViewCell.swift */,
				DBEA17D620EB39E600A9294A /* SwitchTableViewCell.swift */,
				DBE81D5720EDCA9700A27935 /* UserTableViewCell.swift */,
				DBEA17D220EB328C00A9294A /* LabelTableViewCell.xib */,
				DB451D2220F46EC900A56EB4 /* FieldTableViewCell.xib */,
				DBEA17D420EB392100A9294A /* SwitchTableViewCell.xib */,
				DBE81D5520EDC92A00A27935 /* UserTableViewCell.xib */,
			);
			path = Cells;
			sourceTree = "<group>";
		};
		DB5FB81320E1FE9D00345BAC /* Models */ = {
			isa = PBXGroup;
			children = (
				DB22FB7A1F5377E000AF384B /* EllomixUser.swift */,
				DBF9440F205F4DF80047A1EB /* SpotifyTrack.swift */,
				DB0A47A71EBEB7AC004FBF41 /* YouTubeVideo.swift */,
				DB7B0BD11F7CB35300BB2707 /* SoundcloudTrack.swift */,
				DB7034DA20620F41003235EB /* Message.swift */,
				DBFA76DC206F39DF00689D4F /* Group.swift */,
			);
			path = Models;
			sourceTree = "<group>";
		};
		DB5FB81420E1FED300345BAC /* Services */ = {
			isa = PBXGroup;
			children = (
				BA894FD61E57F59700BA3F73 /* FirebaseApi.swift */,
			);
			path = Services;
			sourceTree = "<group>";
		};
		DB5FB81520E1FEFE00345BAC /* Extensions */ = {
			isa = PBXGroup;
			children = (
				DB7BAA64202FC7F1005B7115 /* Extensions.swift */,
			);
			path = Extensions;
			sourceTree = "<group>";
		};
		DB5FB81620E2000700345BAC /* Global */ = {
			isa = PBXGroup;
			children = (
				DB052E321F6F7A6E00F32A70 /* Global.swift */,
				DB0938661FD502F700DB64AA /* MusicPlayer.swift */,
				DB42B5091FFDF28400AB7E1D /* YouTubePlayer.swift */,
				DBC09BB120BE513A003EE29F /* Cache.swift */,
			);
			path = Global;
			sourceTree = "<group>";
		};
		DB5FB81720E200E400345BAC /* Helpers */ = {
			isa = PBXGroup;
			children = (
				DB9ACDA6201D3715003C6925 /* PopUpAnimator.swift */,
			);
			path = Helpers;
			sourceTree = "<group>";
		};
		DBF94414205F5CFA0047A1EB /* Spotify Frameworks */ = {
			isa = PBXGroup;
			children = (
				DBF94415205F5D210047A1EB /* SpotifyAudioPlayback.framework */,
				DBF94417205F5D220047A1EB /* SpotifyAuthentication.framework */,
				DBF94416205F5D220047A1EB /* SpotifyMetadata.framework */,
			);
			name = "Spotify Frameworks";
			path = ..;
			sourceTree = "<group>";
		};
		E379E6151E08B69500B0256F = {
			isa = PBXGroup;
			children = (
				E379E6201E08B69500B0256F /* Ellomix */,
				E379E6351E08B69500B0256F /* EllomixTests */,
				E379E6401E08B69500B0256F /* EllomixUITests */,
				E379E61F1E08B69500B0256F /* Products */,
				98E642340DC8BDFF6D2E93F6 /* Pods */,
				67A20A8E352D884DD1B1B4DB /* Frameworks */,
			);
			sourceTree = "<group>";
		};
		E379E61F1E08B69500B0256F /* Products */ = {
			isa = PBXGroup;
			children = (
				E379E61E1E08B69500B0256F /* Ellomix.app */,
				E379E6321E08B69500B0256F /* EllomixTests.xctest */,
				E379E63D1E08B69500B0256F /* EllomixUITests.xctest */,
			);
			name = Products;
			sourceTree = "<group>";
		};
		E379E6201E08B69500B0256F /* Ellomix */ = {
			isa = PBXGroup;
			children = (
				DB5FB81320E1FE9D00345BAC /* Models */,
				DB5FB81120E1FD4100345BAC /* Views */,
				DB5FB81020E1FBAF00345BAC /* Controllers */,
				DB5FB81420E1FED300345BAC /* Services */,
				DB5FB81720E200E400345BAC /* Helpers */,
				DB5FB81620E2000700345BAC /* Global */,
				DB5FB81520E1FEFE00345BAC /* Extensions */,
				DBF94414205F5CFA0047A1EB /* Spotify Frameworks */,
				E379E62D1E08B69500B0256F /* Info.plist */,
				BA894FD21E56C64600BA3F73 /* GoogleService-Info.plist */,
				E330802C1E342F2B0046D58F /* Bridging-Header.h */,
				E379E6211E08B69500B0256F /* AppDelegate.swift */,
				DB42B5071FFDE37800AB7E1D /* YTPlayer.html */,
				E379E6281E08B69500B0256F /* Assets.xcassets */,
			);
			path = Ellomix;
			sourceTree = "<group>";
		};
		E379E6351E08B69500B0256F /* EllomixTests */ = {
			isa = PBXGroup;
			children = (
				E379E6361E08B69500B0256F /* EllomixTests.swift */,
				E379E6381E08B69500B0256F /* Info.plist */,
			);
			path = EllomixTests;
			sourceTree = "<group>";
		};
		E379E6401E08B69500B0256F /* EllomixUITests */ = {
			isa = PBXGroup;
			children = (
				E379E6411E08B69500B0256F /* EllomixUITests.swift */,
				E379E6431E08B69500B0256F /* Info.plist */,
			);
			path = EllomixUITests;
			sourceTree = "<group>";
		};
/* End PBXGroup section */

/* Begin PBXNativeTarget section */
		E379E61D1E08B69500B0256F /* Ellomix */ = {
			isa = PBXNativeTarget;
			buildConfigurationList = E379E6461E08B69500B0256F /* Build configuration list for PBXNativeTarget "Ellomix" */;
			buildPhases = (
				2DA1E04306DC6CF545CF7D08 /* [CP] Check Pods Manifest.lock */,
				E379E61A1E08B69500B0256F /* Sources */,
				E379E61B1E08B69500B0256F /* Frameworks */,
				E379E61C1E08B69500B0256F /* Resources */,
				57EBD84D18CDCEE9FE505E5B /* [CP] Embed Pods Frameworks */,
				F7F0884A815191DA9F68F6CC /* [CP] Copy Pods Resources */,
			);
			buildRules = (
			);
			dependencies = (
			);
			name = Ellomix;
			productName = Ellomix;
			productReference = E379E61E1E08B69500B0256F /* Ellomix.app */;
			productType = "com.apple.product-type.application";
		};
		E379E6311E08B69500B0256F /* EllomixTests */ = {
			isa = PBXNativeTarget;
			buildConfigurationList = E379E6491E08B69500B0256F /* Build configuration list for PBXNativeTarget "EllomixTests" */;
			buildPhases = (
				5DC6E9B4B3E63B842F90678F /* [CP] Check Pods Manifest.lock */,
				E379E62E1E08B69500B0256F /* Sources */,
				E379E62F1E08B69500B0256F /* Frameworks */,
				E379E6301E08B69500B0256F /* Resources */,
				418FFE50DFD8C3BAA979AE57 /* [CP] Embed Pods Frameworks */,
				7C95696F26DEAC0ACF5A0747 /* [CP] Copy Pods Resources */,
			);
			buildRules = (
			);
			dependencies = (
				E379E6341E08B69500B0256F /* PBXTargetDependency */,
			);
			name = EllomixTests;
			productName = EllomixTests;
			productReference = E379E6321E08B69500B0256F /* EllomixTests.xctest */;
			productType = "com.apple.product-type.bundle.unit-test";
		};
		E379E63C1E08B69500B0256F /* EllomixUITests */ = {
			isa = PBXNativeTarget;
			buildConfigurationList = E379E64C1E08B69500B0256F /* Build configuration list for PBXNativeTarget "EllomixUITests" */;
			buildPhases = (
				35B082598D0E88DE2B66ABC4 /* [CP] Check Pods Manifest.lock */,
				E379E6391E08B69500B0256F /* Sources */,
				E379E63A1E08B69500B0256F /* Frameworks */,
				E379E63B1E08B69500B0256F /* Resources */,
				3383915B83CFDDD0E476566E /* [CP] Embed Pods Frameworks */,
				B3BBF4EF03832379B2D6B5B0 /* [CP] Copy Pods Resources */,
			);
			buildRules = (
			);
			dependencies = (
				E379E63F1E08B69500B0256F /* PBXTargetDependency */,
			);
			name = EllomixUITests;
			productName = EllomixUITests;
			productReference = E379E63D1E08B69500B0256F /* EllomixUITests.xctest */;
			productType = "com.apple.product-type.bundle.ui-testing";
		};
/* End PBXNativeTarget section */

/* Begin PBXProject section */
		E379E6161E08B69500B0256F /* Project object */ = {
			isa = PBXProject;
			attributes = {
				LastSwiftUpdateCheck = 0820;
				LastUpgradeCheck = 0820;
				ORGANIZATIONNAME = "Akshay Vyas";
				TargetAttributes = {
					E379E61D1E08B69500B0256F = {
						CreatedOnToolsVersion = 8.2;
						DevelopmentTeam = 23BHDPQ4LF;
						ProvisioningStyle = Automatic;
						SystemCapabilities = {
							com.apple.BackgroundModes = {
								enabled = 1;
							};
						};
					};
					E379E6311E08B69500B0256F = {
						CreatedOnToolsVersion = 8.2;
						ProvisioningStyle = Automatic;
						TestTargetID = E379E61D1E08B69500B0256F;
					};
					E379E63C1E08B69500B0256F = {
						CreatedOnToolsVersion = 8.2;
						ProvisioningStyle = Automatic;
						TestTargetID = E379E61D1E08B69500B0256F;
					};
				};
			};
			buildConfigurationList = E379E6191E08B69500B0256F /* Build configuration list for PBXProject "Ellomix" */;
			compatibilityVersion = "Xcode 3.2";
			developmentRegion = English;
			hasScannedForEncodings = 0;
			knownRegions = (
				en,
				Base,
			);
			mainGroup = E379E6151E08B69500B0256F;
			productRefGroup = E379E61F1E08B69500B0256F /* Products */;
			projectDirPath = "";
			projectRoot = "";
			targets = (
				E379E61D1E08B69500B0256F /* Ellomix */,
				E379E6311E08B69500B0256F /* EllomixTests */,
				E379E63C1E08B69500B0256F /* EllomixUITests */,
			);
		};
/* End PBXProject section */

/* Begin PBXResourcesBuildPhase section */
		E379E61C1E08B69500B0256F /* Resources */ = {
			isa = PBXResourcesBuildPhase;
			buildActionMask = 2147483647;
			files = (
				E379E62C1E08B69500B0256F /* LaunchScreen.storyboard in Resources */,
				DB42B5081FFDE37800AB7E1D /* YTPlayer.html in Resources */,
				DB451D2320F46EC900A56EB4 /* FieldTableViewCell.xib in Resources */,
				DBE81D5620EDC92A00A27935 /* UserTableViewCell.xib in Resources */,
				BA894FD31E56C64600BA3F73 /* GoogleService-Info.plist in Resources */,
				DBEA17D520EB392100A9294A /* SwitchTableViewCell.xib in Resources */,
				E379E6291E08B69500B0256F /* Assets.xcassets in Resources */,
				E379E6271E08B69500B0256F /* Main.storyboard in Resources */,
				DBEA17D320EB328C00A9294A /* LabelTableViewCell.xib in Resources */,
			);
			runOnlyForDeploymentPostprocessing = 0;
		};
		E379E6301E08B69500B0256F /* Resources */ = {
			isa = PBXResourcesBuildPhase;
			buildActionMask = 2147483647;
			files = (
			);
			runOnlyForDeploymentPostprocessing = 0;
		};
		E379E63B1E08B69500B0256F /* Resources */ = {
			isa = PBXResourcesBuildPhase;
			buildActionMask = 2147483647;
			files = (
			);
			runOnlyForDeploymentPostprocessing = 0;
		};
/* End PBXResourcesBuildPhase section */

/* Begin PBXShellScriptBuildPhase section */
		2DA1E04306DC6CF545CF7D08 /* [CP] Check Pods Manifest.lock */ = {
			isa = PBXShellScriptBuildPhase;
			buildActionMask = 2147483647;
			files = (
			);
			inputPaths = (
				"${PODS_PODFILE_DIR_PATH}/Podfile.lock",
				"${PODS_ROOT}/Manifest.lock",
			);
			name = "[CP] Check Pods Manifest.lock";
			outputPaths = (
				"$(DERIVED_FILE_DIR)/Pods-Ellomix-checkManifestLockResult.txt",
			);
			runOnlyForDeploymentPostprocessing = 0;
			shellPath = /bin/sh;
			shellScript = "diff \"${PODS_PODFILE_DIR_PATH}/Podfile.lock\" \"${PODS_ROOT}/Manifest.lock\" > /dev/null\nif [ $? != 0 ] ; then\n    # print error to STDERR\n    echo \"error: The sandbox is not in sync with the Podfile.lock. Run 'pod install' or update your CocoaPods installation.\" >&2\n    exit 1\nfi\n";
			showEnvVarsInLog = 0;
		};
		3383915B83CFDDD0E476566E /* [CP] Embed Pods Frameworks */ = {
			isa = PBXShellScriptBuildPhase;
			buildActionMask = 2147483647;
			files = (
			);
			inputPaths = (
			);
			name = "[CP] Embed Pods Frameworks";
			outputPaths = (
			);
			runOnlyForDeploymentPostprocessing = 0;
			shellPath = /bin/sh;
			shellScript = "\"${SRCROOT}/Pods/Target Support Files/Pods-EllomixUITests/Pods-EllomixUITests-frameworks.sh\"\n";
			showEnvVarsInLog = 0;
		};
		35B082598D0E88DE2B66ABC4 /* [CP] Check Pods Manifest.lock */ = {
			isa = PBXShellScriptBuildPhase;
			buildActionMask = 2147483647;
			files = (
			);
			inputPaths = (
				"${PODS_PODFILE_DIR_PATH}/Podfile.lock",
				"${PODS_ROOT}/Manifest.lock",
			);
			name = "[CP] Check Pods Manifest.lock";
			outputPaths = (
				"$(DERIVED_FILE_DIR)/Pods-EllomixUITests-checkManifestLockResult.txt",
			);
			runOnlyForDeploymentPostprocessing = 0;
			shellPath = /bin/sh;
			shellScript = "diff \"${PODS_PODFILE_DIR_PATH}/Podfile.lock\" \"${PODS_ROOT}/Manifest.lock\" > /dev/null\nif [ $? != 0 ] ; then\n    # print error to STDERR\n    echo \"error: The sandbox is not in sync with the Podfile.lock. Run 'pod install' or update your CocoaPods installation.\" >&2\n    exit 1\nfi\n";
			showEnvVarsInLog = 0;
		};
		418FFE50DFD8C3BAA979AE57 /* [CP] Embed Pods Frameworks */ = {
			isa = PBXShellScriptBuildPhase;
			buildActionMask = 2147483647;
			files = (
			);
			inputPaths = (
			);
			name = "[CP] Embed Pods Frameworks";
			outputPaths = (
			);
			runOnlyForDeploymentPostprocessing = 0;
			shellPath = /bin/sh;
			shellScript = "\"${SRCROOT}/Pods/Target Support Files/Pods-EllomixTests/Pods-EllomixTests-frameworks.sh\"\n";
			showEnvVarsInLog = 0;
		};
		57EBD84D18CDCEE9FE505E5B /* [CP] Embed Pods Frameworks */ = {
			isa = PBXShellScriptBuildPhase;
			buildActionMask = 2147483647;
			files = (
			);
			inputPaths = (
				"${SRCROOT}/Pods/Target Support Files/Pods-Ellomix/Pods-Ellomix-frameworks.sh",
				"${BUILT_PRODUCTS_DIR}/1PasswordExtension/OnePasswordExtension.framework",
				"${BUILT_PRODUCTS_DIR}/Alamofire/Alamofire.framework",
				"${BUILT_PRODUCTS_DIR}/Bolts/Bolts.framework",
				"${BUILT_PRODUCTS_DIR}/FBSDKCoreKit/FBSDKCoreKit.framework",
				"${BUILT_PRODUCTS_DIR}/FBSDKLoginKit/FBSDKLoginKit.framework",
				"${BUILT_PRODUCTS_DIR}/FacebookCore/FacebookCore.framework",
				"${BUILT_PRODUCTS_DIR}/FacebookLogin/FacebookLogin.framework",
				"${BUILT_PRODUCTS_DIR}/GTMSessionFetcher/GTMSessionFetcher.framework",
				"${BUILT_PRODUCTS_DIR}/GoogleToolboxForMac/GoogleToolboxForMac.framework",
				"${BUILT_PRODUCTS_DIR}/KeychainAccess/KeychainAccess.framework",
				"${BUILT_PRODUCTS_DIR}/Soundcloud/Soundcloud.framework",
				"${BUILT_PRODUCTS_DIR}/leveldb-library/leveldb.framework",
				"${BUILT_PRODUCTS_DIR}/nanopb/nanopb.framework",
			);
			name = "[CP] Embed Pods Frameworks";
			outputPaths = (
				"${TARGET_BUILD_DIR}/${FRAMEWORKS_FOLDER_PATH}/OnePasswordExtension.framework",
				"${TARGET_BUILD_DIR}/${FRAMEWORKS_FOLDER_PATH}/Alamofire.framework",
				"${TARGET_BUILD_DIR}/${FRAMEWORKS_FOLDER_PATH}/Bolts.framework",
				"${TARGET_BUILD_DIR}/${FRAMEWORKS_FOLDER_PATH}/FBSDKCoreKit.framework",
				"${TARGET_BUILD_DIR}/${FRAMEWORKS_FOLDER_PATH}/FBSDKLoginKit.framework",
				"${TARGET_BUILD_DIR}/${FRAMEWORKS_FOLDER_PATH}/FacebookCore.framework",
				"${TARGET_BUILD_DIR}/${FRAMEWORKS_FOLDER_PATH}/FacebookLogin.framework",
				"${TARGET_BUILD_DIR}/${FRAMEWORKS_FOLDER_PATH}/GTMSessionFetcher.framework",
				"${TARGET_BUILD_DIR}/${FRAMEWORKS_FOLDER_PATH}/GoogleToolboxForMac.framework",
				"${TARGET_BUILD_DIR}/${FRAMEWORKS_FOLDER_PATH}/KeychainAccess.framework",
				"${TARGET_BUILD_DIR}/${FRAMEWORKS_FOLDER_PATH}/Soundcloud.framework",
				"${TARGET_BUILD_DIR}/${FRAMEWORKS_FOLDER_PATH}/leveldb.framework",
				"${TARGET_BUILD_DIR}/${FRAMEWORKS_FOLDER_PATH}/nanopb.framework",
			);
			runOnlyForDeploymentPostprocessing = 0;
			shellPath = /bin/sh;
			shellScript = "\"${SRCROOT}/Pods/Target Support Files/Pods-Ellomix/Pods-Ellomix-frameworks.sh\"\n";
			showEnvVarsInLog = 0;
		};
		5DC6E9B4B3E63B842F90678F /* [CP] Check Pods Manifest.lock */ = {
			isa = PBXShellScriptBuildPhase;
			buildActionMask = 2147483647;
			files = (
			);
			inputPaths = (
				"${PODS_PODFILE_DIR_PATH}/Podfile.lock",
				"${PODS_ROOT}/Manifest.lock",
			);
			name = "[CP] Check Pods Manifest.lock";
			outputPaths = (
				"$(DERIVED_FILE_DIR)/Pods-EllomixTests-checkManifestLockResult.txt",
			);
			runOnlyForDeploymentPostprocessing = 0;
			shellPath = /bin/sh;
			shellScript = "diff \"${PODS_PODFILE_DIR_PATH}/Podfile.lock\" \"${PODS_ROOT}/Manifest.lock\" > /dev/null\nif [ $? != 0 ] ; then\n    # print error to STDERR\n    echo \"error: The sandbox is not in sync with the Podfile.lock. Run 'pod install' or update your CocoaPods installation.\" >&2\n    exit 1\nfi\n";
			showEnvVarsInLog = 0;
		};
		7C95696F26DEAC0ACF5A0747 /* [CP] Copy Pods Resources */ = {
			isa = PBXShellScriptBuildPhase;
			buildActionMask = 2147483647;
			files = (
			);
			inputPaths = (
			);
			name = "[CP] Copy Pods Resources";
			outputPaths = (
			);
			runOnlyForDeploymentPostprocessing = 0;
			shellPath = /bin/sh;
			shellScript = "\"${SRCROOT}/Pods/Target Support Files/Pods-EllomixTests/Pods-EllomixTests-resources.sh\"\n";
			showEnvVarsInLog = 0;
		};
		B3BBF4EF03832379B2D6B5B0 /* [CP] Copy Pods Resources */ = {
			isa = PBXShellScriptBuildPhase;
			buildActionMask = 2147483647;
			files = (
			);
			inputPaths = (
			);
			name = "[CP] Copy Pods Resources";
			outputPaths = (
			);
			runOnlyForDeploymentPostprocessing = 0;
			shellPath = /bin/sh;
			shellScript = "\"${SRCROOT}/Pods/Target Support Files/Pods-EllomixUITests/Pods-EllomixUITests-resources.sh\"\n";
			showEnvVarsInLog = 0;
		};
		F7F0884A815191DA9F68F6CC /* [CP] Copy Pods Resources */ = {
			isa = PBXShellScriptBuildPhase;
			buildActionMask = 2147483647;
			files = (
			);
			inputPaths = (
			);
			name = "[CP] Copy Pods Resources";
			outputPaths = (
			);
			runOnlyForDeploymentPostprocessing = 0;
			shellPath = /bin/sh;
			shellScript = "\"${SRCROOT}/Pods/Target Support Files/Pods-Ellomix/Pods-Ellomix-resources.sh\"\n";
			showEnvVarsInLog = 0;
		};
/* End PBXShellScriptBuildPhase section */

/* Begin PBXSourcesBuildPhase section */
		E379E61A1E08B69500B0256F /* Sources */ = {
			isa = PBXSourcesBuildPhase;
			buildActionMask = 2147483647;
			files = (
				DB0938671FD502F800DB64AA /* MusicPlayer.swift in Sources */,
				E379E6241E08B69500B0256F /* LoginViewController.swift in Sources */,
				DB720E991FA6D80300CC22FC /* ComposeMessageController.swift in Sources */,
				167BBDFC207EF8DE00B3AE7E /* RecentlyListenedCollectionViewCell.swift in Sources */,
				BA4E4BFE1E63763800A4C4B9 /* SpotifyLoginViewController.swift in Sources */,
				BA894FD11E56C3B000BA3F73 /* ChatFeedTableViewController.swift in Sources */,
				DBB727E420AA91AC00419789 /* SplashController.swift in Sources */,
				DBDEDFC620E9D21000B65B88 /* GroupSettingsHeaderCell.swift in Sources */,
				DBFA76DD206F39DF00689D4F /* Group.swift in Sources */,
				DB3330EB1FE8E219004F4D7F /* SignUpViewController.swift in Sources */,
				DB052E331F6F7A6E00F32A70 /* Global.swift in Sources */,
				DBF94411205F4DF90047A1EB /* SpotifyTrack.swift in Sources */,
				DB2FE5CE20DA0CEA0018E402 /* RoundImageView.swift in Sources */,
				E379E6221E08B69500B0256F /* AppDelegate.swift in Sources */,
				DBF40DB120996B70000AD390 /* SearchTableViewPeopleCell.swift in Sources */,
				DB9ACDA9201D3F0E003C6925 /* PopUpPlayerController.swift in Sources */,
				DB3519E81EA6E6DE006ACBCE /* ProfileController.swift in Sources */,
				BA3669A9205F431200DC4D54 /* SettingsViewController.swift in Sources */,
				BA3669AB205F5F5500DC4D54 /* ChangePasswordViewController.swift in Sources */,
				DB22FB7B1F5377E100AF384B /* EllomixUser.swift in Sources */,
				DBCE53761FBABD06002B760C /* EditProfileController.swift in Sources */,
				DB7BAA67202FD378005B7115 /* PasswordViewController.swift in Sources */,
				DBDFCA002103FFA100229A45 /* AddMemberController.swift in Sources */,
				DB9AD80C1FAADE0E00C025E8 /* ComposeMessageTableViewCell.swift in Sources */,
				BA894FDF1E5BD5F000BA3F73 /* ChatFeedTableViewCell.swift in Sources */,
				DBB8B4601EA9976E0021E0F6 /* SearchViewController.swift in Sources */,
				DB42B50A1FFDF28400AB7E1D /* YouTubePlayer.swift in Sources */,
				DB451D2520F46FF200A56EB4 /* FieldTableViewCell.swift in Sources */,
				DBC09BB220BE513A003EE29F /* Cache.swift in Sources */,
				DB43785E1F567F38001BD2F1 /* HomeTabBarController.swift in Sources */,
				DB2DB00E204B7ADD00E0935A /* SearchHeaderCell.swift in Sources */,
				DB7BAA63202FB731005B7115 /* GetStartedViewController.swift in Sources */,
				DBE81D5820EDCA9700A27935 /* UserTableViewCell.swift in Sources */,
				DB9ACDA7201D3715003C6925 /* PopUpAnimator.swift in Sources */,
				DBB85B112068A2EB00E99648 /* SentChatTableViewCell.swift in Sources */,
				BA37F5CF1E5D658300C937CD /* ReceivedChatTableViewCell.swift in Sources */,
				DBEA17D120EB2DCD00A9294A /* LabelTableViewCell.swift in Sources */,
				DB0938631FD4F54C00DB64AA /* PlayBarController.swift in Sources */,
				DBD3DF1120E4935C005B9D74 /* GroupSettingsTableViewController.swift in Sources */,
				DB7034DB20620F41003235EB /* Message.swift in Sources */,
				BA37F5CB1E5D600C00C937CD /* ChatViewController.swift in Sources */,
				DB0A47A81EBEB7AD004FBF41 /* YouTubeVideo.swift in Sources */,
				DB0A47AA1EBEBBCA004FBF41 /* SearchTableViewMusicCell.swift in Sources */,
				DB7BAA65202FC7F1005B7115 /* Extensions.swift in Sources */,
				DB7B0BD21F7CB35300BB2707 /* SoundcloudTrack.swift in Sources */,
				DB0938651FD4FCD300DB64AA /* ContainerViewController.swift in Sources */,
				DBEA17D720EB39E600A9294A /* SwitchTableViewCell.swift in Sources */,
				BA894FD71E57F59700BA3F73 /* FirebaseApi.swift in Sources */,
				BA4E4BB51E6212E100A4C4B9 /* GroupPlaylistTableViewController.swift in Sources */,
			);
			runOnlyForDeploymentPostprocessing = 0;
		};
		E379E62E1E08B69500B0256F /* Sources */ = {
			isa = PBXSourcesBuildPhase;
			buildActionMask = 2147483647;
			files = (
				E379E6371E08B69500B0256F /* EllomixTests.swift in Sources */,
			);
			runOnlyForDeploymentPostprocessing = 0;
		};
		E379E6391E08B69500B0256F /* Sources */ = {
			isa = PBXSourcesBuildPhase;
			buildActionMask = 2147483647;
			files = (
				E379E6421E08B69500B0256F /* EllomixUITests.swift in Sources */,
			);
			runOnlyForDeploymentPostprocessing = 0;
		};
/* End PBXSourcesBuildPhase section */

/* Begin PBXTargetDependency section */
		E379E6341E08B69500B0256F /* PBXTargetDependency */ = {
			isa = PBXTargetDependency;
			target = E379E61D1E08B69500B0256F /* Ellomix */;
			targetProxy = E379E6331E08B69500B0256F /* PBXContainerItemProxy */;
		};
		E379E63F1E08B69500B0256F /* PBXTargetDependency */ = {
			isa = PBXTargetDependency;
			target = E379E61D1E08B69500B0256F /* Ellomix */;
			targetProxy = E379E63E1E08B69500B0256F /* PBXContainerItemProxy */;
		};
/* End PBXTargetDependency section */

/* Begin PBXVariantGroup section */
		E379E6251E08B69500B0256F /* Main.storyboard */ = {
			isa = PBXVariantGroup;
			children = (
				E379E6261E08B69500B0256F /* Base */,
			);
			name = Main.storyboard;
			sourceTree = "<group>";
		};
		E379E62A1E08B69500B0256F /* LaunchScreen.storyboard */ = {
			isa = PBXVariantGroup;
			children = (
				E379E62B1E08B69500B0256F /* Base */,
			);
			name = LaunchScreen.storyboard;
			sourceTree = "<group>";
		};
/* End PBXVariantGroup section */

/* Begin XCBuildConfiguration section */
		E379E6441E08B69500B0256F /* Debug */ = {
			isa = XCBuildConfiguration;
			buildSettings = {
				ALWAYS_SEARCH_USER_PATHS = NO;
				CLANG_ANALYZER_NONNULL = YES;
				CLANG_CXX_LANGUAGE_STANDARD = "gnu++0x";
				CLANG_CXX_LIBRARY = "libc++";
				CLANG_ENABLE_MODULES = YES;
				CLANG_ENABLE_OBJC_ARC = YES;
				CLANG_WARN_BOOL_CONVERSION = YES;
				CLANG_WARN_CONSTANT_CONVERSION = YES;
				CLANG_WARN_DIRECT_OBJC_ISA_USAGE = YES_ERROR;
				CLANG_WARN_DOCUMENTATION_COMMENTS = YES;
				CLANG_WARN_EMPTY_BODY = YES;
				CLANG_WARN_ENUM_CONVERSION = YES;
				CLANG_WARN_INFINITE_RECURSION = YES;
				CLANG_WARN_INT_CONVERSION = YES;
				CLANG_WARN_OBJC_ROOT_CLASS = YES_ERROR;
				CLANG_WARN_SUSPICIOUS_MOVE = YES;
				CLANG_WARN_UNREACHABLE_CODE = YES;
				CLANG_WARN__DUPLICATE_METHOD_MATCH = YES;
				"CODE_SIGN_IDENTITY[sdk=iphoneos*]" = "iPhone Developer";
				COPY_PHASE_STRIP = NO;
				DEBUG_INFORMATION_FORMAT = dwarf;
				ENABLE_STRICT_OBJC_MSGSEND = YES;
				ENABLE_TESTABILITY = YES;
				GCC_C_LANGUAGE_STANDARD = gnu99;
				GCC_DYNAMIC_NO_PIC = NO;
				GCC_NO_COMMON_BLOCKS = YES;
				GCC_OPTIMIZATION_LEVEL = 0;
				GCC_PREPROCESSOR_DEFINITIONS = (
					"DEBUG=1",
					"$(inherited)",
				);
				GCC_WARN_64_TO_32_BIT_CONVERSION = YES;
				GCC_WARN_ABOUT_RETURN_TYPE = YES_ERROR;
				GCC_WARN_UNDECLARED_SELECTOR = YES;
				GCC_WARN_UNINITIALIZED_AUTOS = YES_AGGRESSIVE;
				GCC_WARN_UNUSED_FUNCTION = YES;
				GCC_WARN_UNUSED_VARIABLE = YES;
				IPHONEOS_DEPLOYMENT_TARGET = 10.2;
				MTL_ENABLE_DEBUG_INFO = YES;
				ONLY_ACTIVE_ARCH = YES;
				SDKROOT = iphoneos;
				SWIFT_ACTIVE_COMPILATION_CONDITIONS = DEBUG;
				SWIFT_OPTIMIZATION_LEVEL = "-Onone";
			};
			name = Debug;
		};
		E379E6451E08B69500B0256F /* Release */ = {
			isa = XCBuildConfiguration;
			buildSettings = {
				ALWAYS_SEARCH_USER_PATHS = NO;
				CLANG_ANALYZER_NONNULL = YES;
				CLANG_CXX_LANGUAGE_STANDARD = "gnu++0x";
				CLANG_CXX_LIBRARY = "libc++";
				CLANG_ENABLE_MODULES = YES;
				CLANG_ENABLE_OBJC_ARC = YES;
				CLANG_WARN_BOOL_CONVERSION = YES;
				CLANG_WARN_CONSTANT_CONVERSION = YES;
				CLANG_WARN_DIRECT_OBJC_ISA_USAGE = YES_ERROR;
				CLANG_WARN_DOCUMENTATION_COMMENTS = YES;
				CLANG_WARN_EMPTY_BODY = YES;
				CLANG_WARN_ENUM_CONVERSION = YES;
				CLANG_WARN_INFINITE_RECURSION = YES;
				CLANG_WARN_INT_CONVERSION = YES;
				CLANG_WARN_OBJC_ROOT_CLASS = YES_ERROR;
				CLANG_WARN_SUSPICIOUS_MOVE = YES;
				CLANG_WARN_UNREACHABLE_CODE = YES;
				CLANG_WARN__DUPLICATE_METHOD_MATCH = YES;
				"CODE_SIGN_IDENTITY[sdk=iphoneos*]" = "iPhone Developer";
				COPY_PHASE_STRIP = NO;
				DEBUG_INFORMATION_FORMAT = "dwarf-with-dsym";
				ENABLE_NS_ASSERTIONS = NO;
				ENABLE_STRICT_OBJC_MSGSEND = YES;
				GCC_C_LANGUAGE_STANDARD = gnu99;
				GCC_NO_COMMON_BLOCKS = YES;
				GCC_WARN_64_TO_32_BIT_CONVERSION = YES;
				GCC_WARN_ABOUT_RETURN_TYPE = YES_ERROR;
				GCC_WARN_UNDECLARED_SELECTOR = YES;
				GCC_WARN_UNINITIALIZED_AUTOS = YES_AGGRESSIVE;
				GCC_WARN_UNUSED_FUNCTION = YES;
				GCC_WARN_UNUSED_VARIABLE = YES;
				IPHONEOS_DEPLOYMENT_TARGET = 10.2;
				MTL_ENABLE_DEBUG_INFO = NO;
				SDKROOT = iphoneos;
				SWIFT_OPTIMIZATION_LEVEL = "-Owholemodule";
				VALIDATE_PRODUCT = YES;
			};
			name = Release;
		};
		E379E6471E08B69500B0256F /* Debug */ = {
			isa = XCBuildConfiguration;
			baseConfigurationReference = 12016942F6C44225458DBBAF /* Pods-Ellomix.debug.xcconfig */;
			buildSettings = {
				ASSETCATALOG_COMPILER_APPICON_NAME = AppIcon;
				CODE_SIGN_IDENTITY = "iPhone Developer";
				DEVELOPMENT_TEAM = 23BHDPQ4LF;
				ENABLE_BITCODE = NO;
				FRAMEWORK_SEARCH_PATHS = (
					"$(inherited)",
					"$(PROJECT_DIR)",
				);
				HEADER_SEARCH_PATHS = (
					"$(inherited)",
					"${PODS_ROOT}/Firebase/Core/Sources",
					"\"${PODS_ROOT}/leveldb-library/\"",
					"\"${PODS_ROOT}/leveldb-library/include\"",
					"$(inherited)",
					"\"${PODS_ROOT}/Headers/Public\"",
					"\"${PODS_ROOT}/Headers/Public/Firebase\"",
					"\"${PODS_ROOT}/Headers/Public/FirebaseAnalytics\"",
					"\"${PODS_ROOT}/Headers/Public/FirebaseAuth\"",
					"\"${PODS_ROOT}/Headers/Public/FirebaseCore\"",
					"\"${PODS_ROOT}/Headers/Public/FirebaseDatabase\"",
					"\"${PODS_ROOT}/Headers/Public/FirebaseInstanceID\"",
					"\"${PODS_ROOT}/Headers/Public/FirebaseStorage\"",
				);
				INFOPLIST_FILE = Ellomix/Info.plist;
				IPHONEOS_DEPLOYMENT_TARGET = 9.0;
				LD_RUNPATH_SEARCH_PATHS = "$(inherited) @executable_path/Frameworks";
				PRODUCT_BUNDLE_IDENTIFIER = Ellomix.EllomixKev;
				PRODUCT_NAME = "$(TARGET_NAME)";
				SWIFT_OBJC_BRIDGING_HEADER = "Bridging-Header.h";
				SWIFT_VERSION = 3.0;
			};
			name = Debug;
		};
		E379E6481E08B69500B0256F /* Release */ = {
			isa = XCBuildConfiguration;
			baseConfigurationReference = CB58748A5C034C0CC7DBE1AB /* Pods-Ellomix.release.xcconfig */;
			buildSettings = {
				ASSETCATALOG_COMPILER_APPICON_NAME = AppIcon;
				CODE_SIGN_IDENTITY = "iPhone Distribution";
				DEVELOPMENT_TEAM = 23BHDPQ4LF;
				ENABLE_BITCODE = NO;
				FRAMEWORK_SEARCH_PATHS = (
					"$(inherited)",
					"$(PROJECT_DIR)",
				);
				HEADER_SEARCH_PATHS = (
					"$(inherited)",
					"${PODS_ROOT}/Firebase/Core/Sources",
					"\"${PODS_ROOT}/leveldb-library/\"",
					"\"${PODS_ROOT}/leveldb-library/include\"",
					"$(inherited)",
					"\"${PODS_ROOT}/Headers/Public\"",
					"\"${PODS_ROOT}/Headers/Public/Firebase\"",
					"\"${PODS_ROOT}/Headers/Public/FirebaseAnalytics\"",
					"\"${PODS_ROOT}/Headers/Public/FirebaseAuth\"",
					"\"${PODS_ROOT}/Headers/Public/FirebaseCore\"",
					"\"${PODS_ROOT}/Headers/Public/FirebaseDatabase\"",
					"\"${PODS_ROOT}/Headers/Public/FirebaseInstanceID\"",
					"\"${PODS_ROOT}/Headers/Public/FirebaseStorage\"",
				);
				INFOPLIST_FILE = Ellomix/Info.plist;
				IPHONEOS_DEPLOYMENT_TARGET = 9.0;
				LD_RUNPATH_SEARCH_PATHS = "$(inherited) @executable_path/Frameworks";
				PRODUCT_BUNDLE_IDENTIFIER = Ellomix.EllomixKev;
				PRODUCT_NAME = "$(TARGET_NAME)";
				SWIFT_OBJC_BRIDGING_HEADER = "Bridging-Header.h";
				SWIFT_VERSION = 3.0;
			};
			name = Release;
		};
		E379E64A1E08B69500B0256F /* Debug */ = {
			isa = XCBuildConfiguration;
			baseConfigurationReference = 540DAA8C272C14067F94158B /* Pods-EllomixTests.debug.xcconfig */;
			buildSettings = {
				ALWAYS_EMBED_SWIFT_STANDARD_LIBRARIES = YES;
				BUNDLE_LOADER = "$(TEST_HOST)";
				INFOPLIST_FILE = EllomixTests/Info.plist;
				LD_RUNPATH_SEARCH_PATHS = "$(inherited) @executable_path/Frameworks @loader_path/Frameworks";
				PRODUCT_BUNDLE_IDENTIFIER = Ellomix.EllomixTests;
				PRODUCT_NAME = "$(TARGET_NAME)";
				SWIFT_VERSION = 3.0;
				TEST_HOST = "$(BUILT_PRODUCTS_DIR)/Ellomix.app/Ellomix";
			};
			name = Debug;
		};
		E379E64B1E08B69500B0256F /* Release */ = {
			isa = XCBuildConfiguration;
			baseConfigurationReference = 4A1BF9AAABD2A86C22E0CE5E /* Pods-EllomixTests.release.xcconfig */;
			buildSettings = {
				ALWAYS_EMBED_SWIFT_STANDARD_LIBRARIES = YES;
				BUNDLE_LOADER = "$(TEST_HOST)";
				INFOPLIST_FILE = EllomixTests/Info.plist;
				LD_RUNPATH_SEARCH_PATHS = "$(inherited) @executable_path/Frameworks @loader_path/Frameworks";
				PRODUCT_BUNDLE_IDENTIFIER = Ellomix.EllomixTests;
				PRODUCT_NAME = "$(TARGET_NAME)";
				SWIFT_VERSION = 3.0;
				TEST_HOST = "$(BUILT_PRODUCTS_DIR)/Ellomix.app/Ellomix";
			};
			name = Release;
		};
		E379E64D1E08B69500B0256F /* Debug */ = {
			isa = XCBuildConfiguration;
			baseConfigurationReference = 34C16BA52CE61328DE8C8CD5 /* Pods-EllomixUITests.debug.xcconfig */;
			buildSettings = {
				ALWAYS_EMBED_SWIFT_STANDARD_LIBRARIES = YES;
				INFOPLIST_FILE = EllomixUITests/Info.plist;
				LD_RUNPATH_SEARCH_PATHS = "$(inherited) @executable_path/Frameworks @loader_path/Frameworks";
				PRODUCT_BUNDLE_IDENTIFIER = Ellomix.EllomixUITests;
				PRODUCT_NAME = "$(TARGET_NAME)";
				SWIFT_VERSION = 3.0;
				TEST_TARGET_NAME = Ellomix;
			};
			name = Debug;
		};
		E379E64E1E08B69500B0256F /* Release */ = {
			isa = XCBuildConfiguration;
			baseConfigurationReference = 6930722A09922E5F7220E98F /* Pods-EllomixUITests.release.xcconfig */;
			buildSettings = {
				ALWAYS_EMBED_SWIFT_STANDARD_LIBRARIES = YES;
				INFOPLIST_FILE = EllomixUITests/Info.plist;
				LD_RUNPATH_SEARCH_PATHS = "$(inherited) @executable_path/Frameworks @loader_path/Frameworks";
				PRODUCT_BUNDLE_IDENTIFIER = Ellomix.EllomixUITests;
				PRODUCT_NAME = "$(TARGET_NAME)";
				SWIFT_VERSION = 3.0;
				TEST_TARGET_NAME = Ellomix;
			};
			name = Release;
		};
/* End XCBuildConfiguration section */

/* Begin XCConfigurationList section */
		E379E6191E08B69500B0256F /* Build configuration list for PBXProject "Ellomix" */ = {
			isa = XCConfigurationList;
			buildConfigurations = (
				E379E6441E08B69500B0256F /* Debug */,
				E379E6451E08B69500B0256F /* Release */,
			);
			defaultConfigurationIsVisible = 0;
			defaultConfigurationName = Release;
		};
		E379E6461E08B69500B0256F /* Build configuration list for PBXNativeTarget "Ellomix" */ = {
			isa = XCConfigurationList;
			buildConfigurations = (
				E379E6471E08B69500B0256F /* Debug */,
				E379E6481E08B69500B0256F /* Release */,
			);
			defaultConfigurationIsVisible = 0;
			defaultConfigurationName = Release;
		};
		E379E6491E08B69500B0256F /* Build configuration list for PBXNativeTarget "EllomixTests" */ = {
			isa = XCConfigurationList;
			buildConfigurations = (
				E379E64A1E08B69500B0256F /* Debug */,
				E379E64B1E08B69500B0256F /* Release */,
			);
			defaultConfigurationIsVisible = 0;
			defaultConfigurationName = Release;
		};
		E379E64C1E08B69500B0256F /* Build configuration list for PBXNativeTarget "EllomixUITests" */ = {
			isa = XCConfigurationList;
			buildConfigurations = (
				E379E64D1E08B69500B0256F /* Debug */,
				E379E64E1E08B69500B0256F /* Release */,
			);
			defaultConfigurationIsVisible = 0;
			defaultConfigurationName = Release;
		};
/* End XCConfigurationList section */
	};
	rootObject = E379E6161E08B69500B0256F /* Project object */;
}
